{
  "name": "@project-beardy/figma-scripts",
  "version": "1.0.0",
  "lockfileVersion": 1,
  "requires": true,
  "dependencies": {
    "@types/figma": {
      "version": "1.0.4",
      "resolved": "https://registry.npmjs.org/@types/figma/-/figma-1.0.4.tgz",
      "integrity": "sha512-x3ba9L3s2HVCh3eEh7b2A7ReRNn/U6gdNRHavdegSEcDQlTY/E3Xw8vQ/ECD0H7ORKuNURkn5NxGwZ2+bhpV3g=="
    }
  }
}
